// !$*UTF8*$!
{
	archiveVersion = 1;
	classes = {
	};
	objectVersion = 50;
	objects = {

/* Begin PBXBuildFile section */
		36DC7A69269302FD00DA47EB /* AppDelegate.swift in Sources */ = {isa = PBXBuildFile; fileRef = 36DC7A68269302FD00DA47EB /* AppDelegate.swift */; };
		36DC7A6D269302FD00DA47EB /* ViewController.swift in Sources */ = {isa = PBXBuildFile; fileRef = 36DC7A6C269302FD00DA47EB /* ViewController.swift */; };
		36DC7A70269302FD00DA47EB /* Main.storyboard in Resources */ = {isa = PBXBuildFile; fileRef = 36DC7A6E269302FD00DA47EB /* Main.storyboard */; };
		36DC7A73269302FD00DA47EB /* Instructions.xcdatamodeld in Sources */ = {isa = PBXBuildFile; fileRef = 36DC7A71269302FD00DA47EB /* Instructions.xcdatamodeld */; };
		36DC7A75269302FF00DA47EB /* Assets.xcassets in Resources */ = {isa = PBXBuildFile; fileRef = 36DC7A74269302FF00DA47EB /* Assets.xcassets */; };
		36DC7A78269302FF00DA47EB /* LaunchScreen.storyboard in Resources */ = {isa = PBXBuildFile; fileRef = 36DC7A76269302FF00DA47EB /* LaunchScreen.storyboard */; };
		36DC7A812693043500DA47EB /* InstructionsViewController.swift in Sources */ = {isa = PBXBuildFile; fileRef = 36DC7A7F2693043500DA47EB /* InstructionsViewController.swift */; };
		36DC7A822693043500DA47EB /* InstructionsViewController.xib in Resources */ = {isa = PBXBuildFile; fileRef = 36DC7A802693043500DA47EB /* InstructionsViewController.xib */; };
		CBF41586C69416758C53ED04 /* Pods_Instructions.framework in Frameworks */ = {isa = PBXBuildFile; fileRef = 1CA9B816152BC898E5307F60 /* Pods_Instructions.framework */; };
/* End PBXBuildFile section */

/* Begin PBXFileReference section */
		1CA9B816152BC898E5307F60 /* Pods_Instructions.framework */ = {isa = PBXFileReference; explicitFileType = wrapper.framework; includeInIndex = 0; path = Pods_Instructions.framework; sourceTree = BUILT_PRODUCTS_DIR; };
		36DC7A65269302FD00DA47EB /* Instructions.app */ = {isa = PBXFileReference; explicitFileType = wrapper.application; includeInIndex = 0; path = Instructions.app; sourceTree = BUILT_PRODUCTS_DIR; };
		36DC7A68269302FD00DA47EB /* AppDelegate.swift */ = {isa = PBXFileReference; lastKnownFileType = sourcecode.swift; path = AppDelegate.swift; sourceTree = "<group>"; };
		36DC7A6C269302FD00DA47EB /* ViewController.swift */ = {isa = PBXFileReference; lastKnownFileType = sourcecode.swift; path = ViewController.swift; sourceTree = "<group>"; };
		36DC7A6F269302FD00DA47EB /* Base */ = {isa = PBXFileReference; lastKnownFileType = file.storyboard; name = Base; path = Base.lproj/Main.storyboard; sourceTree = "<group>"; };
		36DC7A72269302FD00DA47EB /* Instructions.xcdatamodel */ = {isa = PBXFileReference; lastKnownFileType = wrapper.xcdatamodel; path = Instructions.xcdatamodel; sourceTree = "<group>"; };
		36DC7A74269302FF00DA47EB /* Assets.xcassets */ = {isa = PBXFileReference; lastKnownFileType = folder.assetcatalog; path = Assets.xcassets; sourceTree = "<group>"; };
		36DC7A77269302FF00DA47EB /* Base */ = {isa = PBXFileReference; lastKnownFileType = file.storyboard; name = Base; path = Base.lproj/LaunchScreen.storyboard; sourceTree = "<group>"; };
		36DC7A79269302FF00DA47EB /* Info.plist */ = {isa = PBXFileReference; lastKnownFileType = text.plist.xml; path = Info.plist; sourceTree = "<group>"; };
		36DC7A7F2693043500DA47EB /* InstructionsViewController.swift */ = {isa = PBXFileReference; lastKnownFileType = sourcecode.swift; path = InstructionsViewController.swift; sourceTree = "<group>"; };
		36DC7A802693043500DA47EB /* InstructionsViewController.xib */ = {isa = PBXFileReference; lastKnownFileType = file.xib; path = InstructionsViewController.xib; sourceTree = "<group>"; };
		5B441E40D3F3F4EBFDA08ADB /* Pods-Instructions.debug.xcconfig */ = {isa = PBXFileReference; includeInIndex = 1; lastKnownFileType = text.xcconfig; name = "Pods-Instructions.debug.xcconfig"; path = "Target Support Files/Pods-Instructions/Pods-Instructions.debug.xcconfig"; sourceTree = "<group>"; };
		7E3B9B8F146C09B0AD5EFBCD /* Pods-Instructions.release.xcconfig */ = {isa = PBXFileReference; includeInIndex = 1; lastKnownFileType = text.xcconfig; name = "Pods-Instructions.release.xcconfig"; path = "Target Support Files/Pods-Instructions/Pods-Instructions.release.xcconfig"; sourceTree = "<group>"; };
/* End PBXFileReference section */

/* Begin PBXFrameworksBuildPhase section */
		36DC7A62269302FD00DA47EB /* Frameworks */ = {
			isa = PBXFrameworksBuildPhase;
			buildActionMask = 2147483647;
			files = (
				CBF41586C69416758C53ED04 /* Pods_Instructions.framework in Frameworks */,
			);
			runOnlyForDeploymentPostprocessing = 0;
		};
/* End PBXFrameworksBuildPhase section */

/* Begin PBXGroup section */
		36DC7A5C269302FD00DA47EB = {
			isa = PBXGroup;
			children = (
				36DC7A67269302FD00DA47EB /* Instructions */,
				36DC7A66269302FD00DA47EB /* Products */,
				9D75B7574A2D361D7FF8A502 /* Pods */,
				3CA7AC70903FFCC61E6C63B9 /* Frameworks */,
			);
			sourceTree = "<group>";
		};
		36DC7A66269302FD00DA47EB /* Products */ = {
			isa = PBXGroup;
			children = (
				36DC7A65269302FD00DA47EB /* Instructions.app */,
			);
			name = Products;
			sourceTree = "<group>";
		};
		36DC7A67269302FD00DA47EB /* Instructions */ = {
			isa = PBXGroup;
			children = (
				36DC7A68269302FD00DA47EB /* AppDelegate.swift */,
				36DC7A6C269302FD00DA47EB /* ViewController.swift */,
				36DC7A6E269302FD00DA47EB /* Main.storyboard */,
				36DC7A74269302FF00DA47EB /* Assets.xcassets */,
				36DC7A76269302FF00DA47EB /* LaunchScreen.storyboard */,
				36DC7A79269302FF00DA47EB /* Info.plist */,
				36DC7A71269302FD00DA47EB /* Instructions.xcdatamodeld */,
				36DC7A7F2693043500DA47EB /* InstructionsViewController.swift */,
				36DC7A802693043500DA47EB /* InstructionsViewController.xib */,
			);
			path = Instructions;
			sourceTree = "<group>";
		};
		3CA7AC70903FFCC61E6C63B9 /* Frameworks */ = {
			isa = PBXGroup;
			children = (
				1CA9B816152BC898E5307F60 /* Pods_Instructions.framework */,
			);
			name = Frameworks;
			sourceTree = "<group>";
		};
		9D75B7574A2D361D7FF8A502 /* Pods */ = {
			isa = PBXGroup;
			children = (
				5B441E40D3F3F4EBFDA08ADB /* Pods-Instructions.debug.xcconfig */,
				7E3B9B8F146C09B0AD5EFBCD /* Pods-Instructions.release.xcconfig */,
			);
			name = Pods;
			path = Pods;
			sourceTree = "<group>";
		};
/* End PBXGroup section */

/* Begin PBXNativeTarget section */
		36DC7A64269302FD00DA47EB /* Instructions */ = {
			isa = PBXNativeTarget;
			buildConfigurationList = 36DC7A7C269302FF00DA47EB /* Build configuration list for PBXNativeTarget "Instructions" */;
			buildPhases = (
				6C0247EA3FC72544A22C01B4 /* [CP] Check Pods Manifest.lock */,
				36DC7A61269302FD00DA47EB /* Sources */,
				36DC7A62269302FD00DA47EB /* Frameworks */,
				36DC7A63269302FD00DA47EB /* Resources */,
				6A5469059C9B358B86B191B3 /* [CP] Embed Pods Frameworks */,
			);
			buildRules = (
			);
			dependencies = (
			);
			name = Instructions;
			productName = Instructions;
			productReference = 36DC7A65269302FD00DA47EB /* Instructions.app */;
			productType = "com.apple.product-type.application";
		};
/* End PBXNativeTarget section */

/* Begin PBXProject section */
		36DC7A5D269302FD00DA47EB /* Project object */ = {
			isa = PBXProject;
			attributes = {
				LastSwiftUpdateCheck = 1250;
				LastUpgradeCheck = 1250;
				TargetAttributes = {
					36DC7A64269302FD00DA47EB = {
						CreatedOnToolsVersion = 12.5.1;
					};
				};
			};
			buildConfigurationList = 36DC7A60269302FD00DA47EB /* Build configuration list for PBXProject "Instructions" */;
			compatibilityVersion = "Xcode 9.3";
			developmentRegion = en;
			hasScannedForEncodings = 0;
			knownRegions = (
				en,
				Base,
			);
			mainGroup = 36DC7A5C269302FD00DA47EB;
			productRefGroup = 36DC7A66269302FD00DA47EB /* Products */;
			projectDirPath = "";
			projectRoot = "";
			targets = (
				36DC7A64269302FD00DA47EB /* Instructions */,
			);
		};
/* End PBXProject section */

/* Begin PBXResourcesBuildPhase section */
		36DC7A63269302FD00DA47EB /* Resources */ = {
			isa = PBXResourcesBuildPhase;
			buildActionMask = 2147483647;
			files = (
				36DC7A78269302FF00DA47EB /* LaunchScreen.storyboard in Resources */,
				36DC7A75269302FF00DA47EB /* Assets.xcassets in Resources */,
				36DC7A70269302FD00DA47EB /* Main.storyboard in Resources */,
				36DC7A822693043500DA47EB /* InstructionsViewController.xib in Resources */,
			);
			runOnlyForDeploymentPostprocessing = 0;
		};
/* End PBXResourcesBuildPhase section */

/* Begin PBXShellScriptBuildPhase section */
		6A5469059C9B358B86B191B3 /* [CP] Embed Pods Frameworks */ = {
			isa = PBXShellScriptBuildPhase;
			buildActionMask = 2147483647;
			files = (
			);
			inputFileListPaths = (
				"${PODS_ROOT}/Target Support Files/Pods-Instructions/Pods-Instructions-frameworks-${CONFIGURATION}-input-files.xcfilelist",
			);
			name = "[CP] Embed Pods Frameworks";
			outputFileListPaths = (
				"${PODS_ROOT}/Target Support Files/Pods-Instructions/Pods-Instructions-frameworks-${CONFIGURATION}-output-files.xcfilelist",
			);
			runOnlyForDeploymentPostprocessing = 0;
			shellPath = /bin/sh;
			shellScript = "\"${PODS_ROOT}/Target Support Files/Pods-Instructions/Pods-Instructions-frameworks.sh\"\n";
			showEnvVarsInLog = 0;
		};
		6C0247EA3FC72544A22C01B4 /* [CP] Check Pods Manifest.lock */ = {
			isa = PBXShellScriptBuildPhase;
			buildActionMask = 2147483647;
			files = (
			);
			inputFileListPaths = (
			);
			inputPaths = (
				"${PODS_PODFILE_DIR_PATH}/Podfile.lock",
				"${PODS_ROOT}/Manifest.lock",
			);
			name = "[CP] Check Pods Manifest.lock";
			outputFileListPaths = (
			);
			outputPaths = (
				"$(DERIVED_FILE_DIR)/Pods-Instructions-checkManifestLockResult.txt",
			);
			runOnlyForDeploymentPostprocessing = 0;
			shellPath = /bin/sh;
			shellScript = "diff \"${PODS_PODFILE_DIR_PATH}/Podfile.lock\" \"${PODS_ROOT}/Manifest.lock\" > /dev/null\nif [ $? != 0 ] ; then\n    # print error to STDERR\n    echo \"error: The sandbox is not in sync with the Podfile.lock. Run 'pod install' or update your CocoaPods installation.\" >&2\n    exit 1\nfi\n# This output is used by Xcode 'outputs' to avoid re-running this script phase.\necho \"SUCCESS\" > \"${SCRIPT_OUTPUT_FILE_0}\"\n";
			showEnvVarsInLog = 0;
		};
/* End PBXShellScriptBuildPhase section */

/* Begin PBXSourcesBuildPhase section */
		36DC7A61269302FD00DA47EB /* Sources */ = {
			isa = PBXSourcesBuildPhase;
			buildActionMask = 2147483647;
			files = (
				36DC7A6D269302FD00DA47EB /* ViewController.swift in Sources */,
				36DC7A69269302FD00DA47EB /* AppDelegate.swift in Sources */,
				36DC7A812693043500DA47EB /* InstructionsViewController.swift in Sources */,
				36DC7A73269302FD00DA47EB /* Instructions.xcdatamodeld in Sources */,
			);
			runOnlyForDeploymentPostprocessing = 0;
		};
/* End PBXSourcesBuildPhase section */

/* Begin PBXVariantGroup section */
		36DC7A6E269302FD00DA47EB /* Main.storyboard */ = {
			isa = PBXVariantGroup;
			children = (
				36DC7A6F269302FD00DA47EB /* Base */,
			);
			name = Main.storyboard;
			sourceTree = "<group>";
		};
		36DC7A76269302FF00DA47EB /* LaunchScreen.storyboard */ = {
			isa = PBXVariantGroup;
			children = (
				36DC7A77269302FF00DA47EB /* Base */,
			);
			name = LaunchScreen.storyboard;
			sourceTree = "<group>";
		};
/* End PBXVariantGroup section */

/* Begin XCBuildConfiguration section */
		36DC7A7A269302FF00DA47EB /* Debug */ = {
			isa = XCBuildConfiguration;
			buildSettings = {
				ALWAYS_SEARCH_USER_PATHS = NO;
				CLANG_ANALYZER_NONNULL = YES;
				CLANG_ANALYZER_NUMBER_OBJECT_CONVERSION = YES_AGGRESSIVE;
				CLANG_CXX_LANGUAGE_STANDARD = "gnu++14";
				CLANG_CXX_LIBRARY = "libc++";
				CLANG_ENABLE_MODULES = YES;
				CLANG_ENABLE_OBJC_ARC = YES;
				CLANG_ENABLE_OBJC_WEAK = YES;
				CLANG_WARN_BLOCK_CAPTURE_AUTORELEASING = YES;
				CLANG_WARN_BOOL_CONVERSION = YES;
				CLANG_WARN_COMMA = YES;
				CLANG_WARN_CONSTANT_CONVERSION = YES;
				CLANG_WARN_DEPRECATED_OBJC_IMPLEMENTATIONS = YES;
				CLANG_WARN_DIRECT_OBJC_ISA_USAGE = YES_ERROR;
				CLANG_WARN_DOCUMENTATION_COMMENTS = YES;
				CLANG_WARN_EMPTY_BODY = YES;
				CLANG_WARN_ENUM_CONVERSION = YES;
				CLANG_WARN_INFINITE_RECURSION = YES;
				CLANG_WARN_INT_CONVERSION = YES;
				CLANG_WARN_NON_LITERAL_NULL_CONVERSION = YES;
				CLANG_WARN_OBJC_IMPLICIT_RETAIN_SELF = YES;
				CLANG_WARN_OBJC_LITERAL_CONVERSION = YES;
				CLANG_WARN_OBJC_ROOT_CLASS = YES_ERROR;
				CLANG_WARN_QUOTED_INCLUDE_IN_FRAMEWORK_HEADER = YES;
				CLANG_WARN_RANGE_LOOP_ANALYSIS = YES;
				CLANG_WARN_STRICT_PROTOTYPES = YES;
				CLANG_WARN_SUSPICIOUS_MOVE = YES;
				CLANG_WARN_UNGUARDED_AVAILABILITY = YES_AGGRESSIVE;
				CLANG_WARN_UNREACHABLE_CODE = YES;
				CLANG_WARN__DUPLICATE_METHOD_MATCH = YES;
				COPY_PHASE_STRIP = NO;
				DEBUG_INFORMATION_FORMAT = dwarf;
				ENABLE_STRICT_OBJC_MSGSEND = YES;
				ENABLE_TESTABILITY = YES;
				GCC_C_LANGUAGE_STANDARD = gnu11;
				GCC_DYNAMIC_NO_PIC = NO;
				GCC_NO_COMMON_BLOCKS = YES;
				GCC_OPTIMIZATION_LEVEL = 0;
				GCC_PREPROCESSOR_DEFINITIONS = (
					"DEBUG=1",
					"$(inherited)",
				);
				GCC_WARN_64_TO_32_BIT_CONVERSION = YES;
				GCC_WARN_ABOUT_RETURN_TYPE = YES_ERROR;
				GCC_WARN_UNDECLARED_SELECTOR = YES;
				GCC_WARN_UNINITIALIZED_AUTOS = YES_AGGRESSIVE;
				GCC_WARN_UNUSED_FUNCTION = YES;
				GCC_WARN_UNUSED_VARIABLE = YES;
				IPHONEOS_DEPLOYMENT_TARGET = 14.5;
				MTL_ENABLE_DEBUG_INFO = INCLUDE_SOURCE;
				MTL_FAST_MATH = YES;
				ONLY_ACTIVE_ARCH = YES;
				SDKROOT = iphoneos;
				SWIFT_ACTIVE_COMPILATION_CONDITIONS = DEBUG;
				SWIFT_OPTIMIZATION_LEVEL = "-Onone";
			};
			name = Debug;
		};
		36DC7A7B269302FF00DA47EB /* Release */ = {
			isa = XCBuildConfiguration;
			buildSettings = {
				ALWAYS_SEARCH_USER_PATHS = NO;
				CLANG_ANALYZER_NONNULL = YES;
				CLANG_ANALYZER_NUMBER_OBJECT_CONVERSION = YES_AGGRESSIVE;
				CLANG_CXX_LANGUAGE_STANDARD = "gnu++14";
				CLANG_CXX_LIBRARY = "libc++";
				CLANG_ENABLE_MODULES = YES;
				CLANG_ENABLE_OBJC_ARC = YES;
				CLANG_ENABLE_OBJC_WEAK = YES;
				CLANG_WARN_BLOCK_CAPTURE_AUTORELEASING = YES;
				CLANG_WARN_BOOL_CONVERSION = YES;
				CLANG_WARN_COMMA = YES;
				CLANG_WARN_CONSTANT_CONVERSION = YES;
				CLANG_WARN_DEPRECATED_OBJC_IMPLEMENTATIONS = YES;
				CLANG_WARN_DIRECT_OBJC_ISA_USAGE = YES_ERROR;
				CLANG_WARN_DOCUMENTATION_COMMENTS = YES;
				CLANG_WARN_EMPTY_BODY = YES;
				CLANG_WARN_ENUM_CONVERSION = YES;
				CLANG_WARN_INFINITE_RECURSION = YES;
				CLANG_WARN_INT_CONVERSION = YES;
				CLANG_WARN_NON_LITERAL_NULL_CONVERSION = YES;
				CLANG_WARN_OBJC_IMPLICIT_RETAIN_SELF = YES;
				CLANG_WARN_OBJC_LITERAL_CONVERSION = YES;
				CLANG_WARN_OBJC_ROOT_CLASS = YES_ERROR;
				CLANG_WARN_QUOTED_INCLUDE_IN_FRAMEWORK_HEADER = YES;
				CLANG_WARN_RANGE_LOOP_ANALYSIS = YES;
				CLANG_WARN_STRICT_PROTOTYPES = YES;
				CLANG_WARN_SUSPICIOUS_MOVE = YES;
				CLANG_WARN_UNGUARDED_AVAILABILITY = YES_AGGRESSIVE;
				CLANG_WARN_UNREACHABLE_CODE = YES;
				CLANG_WARN__DUPLICATE_METHOD_MATCH = YES;
				COPY_PHASE_STRIP = NO;
				DEBUG_INFORMATION_FORMAT = "dwarf-with-dsym";
				ENABLE_NS_ASSERTIONS = NO;
				ENABLE_STRICT_OBJC_MSGSEND = YES;
				GCC_C_LANGUAGE_STANDARD = gnu11;
				GCC_NO_COMMON_BLOCKS = YES;
				GCC_WARN_64_TO_32_BIT_CONVERSION = YES;
				GCC_WARN_ABOUT_RETURN_TYPE = YES_ERROR;
				GCC_WARN_UNDECLARED_SELECTOR = YES;
				GCC_WARN_UNINITIALIZED_AUTOS = YES_AGGRESSIVE;
				GCC_WARN_UNUSED_FUNCTION = YES;
				GCC_WARN_UNUSED_VARIABLE = YES;
				IPHONEOS_DEPLOYMENT_TARGET = 14.5;
				MTL_ENABLE_DEBUG_INFO = NO;
				MTL_FAST_MATH = YES;
				SDKROOT = iphoneos;
				SWIFT_COMPILATION_MODE = wholemodule;
				SWIFT_OPTIMIZATION_LEVEL = "-O";
				VALIDATE_PRODUCT = YES;
			};
			name = Release;
		};
		36DC7A7D269302FF00DA47EB /* Debug */ = {
			isa = XCBuildConfiguration;
			baseConfigurationReference = 5B441E40D3F3F4EBFDA08ADB /* Pods-Instructions.debug.xcconfig */;
			buildSettings = {
				ASSETCATALOG_COMPILER_APPICON_NAME = AppIcon;
				ASSETCATALOG_COMPILER_GLOBAL_ACCENT_COLOR_NAME = AccentColor;
				CODE_SIGN_STYLE = Automatic;
				DEVELOPMENT_TEAM = QAT46LHJF5;
				INFOPLIST_FILE = Instructions/Info.plist;
				LD_RUNPATH_SEARCH_PATHS = (
					"$(inherited)",
					"@executable_path/Frameworks",
				);
				PRODUCT_BUNDLE_IDENTIFIER = com.hongssup.Instructions;
				PRODUCT_NAME = "$(TARGET_NAME)";
				SWIFT_VERSION = 5.0;
				TARGETED_DEVICE_FAMILY = "1,2";
			};
			name = Debug;
		};
		36DC7A7E269302FF00DA47EB /* Release */ = {
			isa = XCBuildConfiguration;
			baseConfigurationReference = 7E3B9B8F146C09B0AD5EFBCD /* Pods-Instructions.release.xcconfig */;
			buildSettings = {
				ASSETCATALOG_COMPILER_APPICON_NAME = AppIcon;
				ASSETCATALOG_COMPILER_GLOBAL_ACCENT_COLOR_NAME = AccentColor;
				CODE_SIGN_STYLE = Automatic;
				DEVELOPMENT_TEAM = QAT46LHJF5;
				INFOPLIST_FILE = Instructions/Info.plist;
				LD_RUNPATH_SEARCH_PATHS = (
					"$(inherited)",
					"@executable_path/Frameworks",
				);
				PRODUCT_BUNDLE_IDENTIFIER = com.hongssup.Instructions;
				PRODUCT_NAME = "$(TARGET_NAME)";
				SWIFT_VERSION = 5.0;
				TARGETED_DEVICE_FAMILY = "1,2";
			};
			name = Release;
		};
/* End XCBuildConfiguration section */

/* Begin XCConfigurationList section */
		36DC7A60269302FD00DA47EB /* Build configuration list for PBXProject "Instructions" */ = {
			isa = XCConfigurationList;
			buildConfigurations = (
				36DC7A7A269302FF00DA47EB /* Debug */,
				36DC7A7B269302FF00DA47EB /* Release */,
			);
			defaultConfigurationIsVisible = 0;
			defaultConfigurationName = Release;
		};
		36DC7A7C269302FF00DA47EB /* Build configuration list for PBXNativeTarget "Instructions" */ = {
			isa = XCConfigurationList;
			buildConfigurations = (
				36DC7A7D269302FF00DA47EB /* Debug */,
				36DC7A7E269302FF00DA47EB /* Release */,
			);
			defaultConfigurationIsVisible = 0;
			defaultConfigurationName = Release;
		};
/* End XCConfigurationList section */

/* Begin XCVersionGroup section */
		36DC7A71269302FD00DA47EB /* Instructions.xcdatamodeld */ = {
			isa = XCVersionGroup;
			children = (
				36DC7A72269302FD00DA47EB /* Instructions.xcdatamodel */,
			);
			currentVersion = 36DC7A72269302FD00DA47EB /* Instructions.xcdatamodel */;
			path = Instructions.xcdatamodeld;
			sourceTree = "<group>";
			versionGroupType = wrapper.xcdatamodel;
		};
/* End XCVersionGroup section */
	};
	rootObject = 36DC7A5D269302FD00DA47EB /* Project object */;
}
